
Microsoft Visual Studio Solution File, Format Version 12.00
# Visual Studio Version 17
VisualStudioVersion = 17.4.33213.308
MinimumVisualStudioVersion = 10.0.40219.1
Project("{FAE04EC0-301F-11D3-BF4B-00C04F79EFBC}") = "Lab3-Blazor", "Lab3-Blazor.csproj", "{7BD23858-A06E-4599-A796-E29EC1AD594C}"
EndProject
Global
	GlobalSection(SolutionConfigurationPlatforms) = preSolution
		Debug|Any CPU = Debug|Any CPU
		Release|Any CPU = Release|Any CPU
	EndGlobalSection
	GlobalSection(ProjectConfigurationPlatforms) = postSolution
		{7BD23858-A06E-4599-A796-E29EC1AD594C}.Debug|Any CPU.ActiveCfg = Debug|Any CPU
		{7BD23858-A06E-4599-A796-E29EC1AD594C}.Debug|Any CPU.Build.0 = Debug|Any CPU
		{7BD23858-A06E-4599-A796-E29EC1AD594C}.Release|Any CPU.ActiveCfg = Release|Any CPU
		{7BD23858-A06E-4599-A796-E29EC1AD594C}.Release|Any CPU.Build.0 = Release|Any CPU
	EndGlobalSection
	GlobalSection(SolutionProperties) = preSolution
		HideSolutionNode = FALSE
	EndGlobalSection
	GlobalSection(ExtensibilityGlobals) = postSolution
		SolutionGuid = {19DA30EF-68B9-4FBF-AB4E-D64ABC3B8983}
	EndGlobalSection
EndGlobal
